
Microsoft Visual Studio Solution File, Format Version 11.00
# Visual Studio 2010
Project("{F2A71F9B-5D33-465A-A702-920D77279786}") = "Coins", "Coins\Coins.fsproj", "{090256C0-4D82-4AC0-8CD4-A7D028485F6A}"
EndProject
Project("{F2A71F9B-5D33-465A-A702-920D77279786}") = "AddFun", "AddFun\AddFun.fsproj", "{9EEE8B81-1F88-4DE3-BDD4-497C70B97D48}"
EndProject
Project("{F2A71F9B-5D33-465A-A702-920D77279786}") = "BayesPointMachine", "BayesPointMachine\BayesPointMachine.fsproj", "{6C939369-9688-4026-BE06-15C67875DA82}"
EndProject
Project("{F2A71F9B-5D33-465A-A702-920D77279786}") = "ClickGraph", "ClickGraph\ClickGraph.fsproj", "{BFCF9D73-9D30-4C7A-9537-4C49AE0241D8}"
EndProject
Project("{F2A71F9B-5D33-465A-A702-920D77279786}") = "ClinicalTrial", "ClinicalTrial\ClinicalTrial.fsproj", "{9B8BB409-9573-4F9B-B5BE-3104DED46C82}"
EndProject
Project("{F2A71F9B-5D33-465A-A702-920D77279786}") = "Conference", "Conference\Conference.fsproj", "{2A91666C-70B1-4C20-853A-7256FCB43406}"
EndProject
Project("{F2A71F9B-5D33-465A-A702-920D77279786}") = "LearningGaussian", "LearningGaussian\LearningGaussian.fsproj", "{2BC44A76-84FC-4678-B5CA-CA55702324CC}"
EndProject
Project("{F2A71F9B-5D33-465A-A702-920D77279786}") = "MixtureOfGaussians", "MixtureOfGaussians\MixtureOfGaussians.fsproj", "{9DC1892A-7360-449A-9C43-BA554E1073B3}"
EndProject
Project("{F2A71F9B-5D33-465A-A702-920D77279786}") = "TrueSkill", "TrueSkill\TrueSkill.fsproj", "{CBB60BD6-1E23-45C5-B419-B7DC3B24E7C2}"
EndProject
Project("{F2A71F9B-5D33-465A-A702-920D77279786}") = "TruncatedGaussian", "TruncatedGaussian\TruncatedGaussian.fsproj", "{E3F92B5F-7E90-42E2-996A-FA5C1692EFEE}"
EndProject
Project("{F2A71F9B-5D33-465A-A702-920D77279786}") = "MurderMystery", "MurderMystery\MurderMystery.fsproj", "{439DFC84-9231-413C-9F62-18BE47059A0B}"
EndProject
Project("{F2A71F9B-5D33-465A-A702-920D77279786}") = "LDA", "LDA\LDA.fsproj", "{BF270DDA-7A47-404D-9D44-DFB546054BB3}"
EndProject
Project("{F2A71F9B-5D33-465A-A702-920D77279786}") = "LinearRegression", "LinearRegression\LinearRegression.fsproj", "{41DC5D7E-E071-47BA-8094-D1DDBE0FAE05}"
EndProject
Project("{F2A71F9B-5D33-465A-A702-920D77279786}") = "Evidence", "Evidence\Evidence.fsproj", "{D6EA34E7-C7D0-4433-89FE-79432BAE0096}"
EndProject
Project("{2150E333-8FDC-42A3-9474-1A3956D46DE8}") = "1 Quickstart Scripts", "1 Quickstart Scripts", "{022647FB-569F-4163-8B64-D8BD0BCE2CE0}"
	ProjectSection(SolutionItems) = preProject
		QuickStart.fsx = QuickStart.fsx
		Reference.fsx = Reference.fsx
	EndProjectSection
EndProject
Project("{2150E333-8FDC-42A3-9474-1A3956D46DE8}") = "2 Basic Discrete", "2 Basic Discrete", "{AB9AE738-0EE3-464F-AD79-9A6D1F06C450}"
EndProject
Project("{2150E333-8FDC-42A3-9474-1A3956D46DE8}") = "3 Basic Continuous", "3 Basic Continuous", "{3F770006-CCE0-4CAF-B096-5E4B8BCE25E0}"
EndProject
Project("{2150E333-8FDC-42A3-9474-1A3956D46DE8}") = "4 Example Applications", "4 Example Applications", "{E0D8B740-0AA5-4B55-B8F8-2A2FD4B60A98}"
EndProject
Project("{2150E333-8FDC-42A3-9474-1A3956D46DE8}") = "5 Extensibility", "5 Extensibility", "{65FB0B66-7DCB-459A-B45D-1194D0F4915A}"
EndProject
Project("{F2A71F9B-5D33-465A-A702-920D77279786}") = "MontyHall", "MontyHall\MontyHall.fsproj", "{07FF5989-D579-4CC5-B519-FFA758D8D927}"
EndProject
Global
	GlobalSection(SolutionConfigurationPlatforms) = preSolution
		Debug|Any CPU = Debug|Any CPU
		Debug|x64 = Debug|x64
		Debug|x86 = Debug|x86
		Debug64|Any CPU = Debug64|Any CPU
		Debug64|x64 = Debug64|x64
		Debug64|x86 = Debug64|x86
		Release|Any CPU = Release|Any CPU
		Release|x64 = Release|x64
		Release|x86 = Release|x86
	EndGlobalSection
	GlobalSection(ProjectConfigurationPlatforms) = postSolution
		{090256C0-4D82-4AC0-8CD4-A7D028485F6A}.Debug|Any CPU.ActiveCfg = Debug|Any CPU
		{090256C0-4D82-4AC0-8CD4-A7D028485F6A}.Debug|Any CPU.Build.0 = Debug|Any CPU
		{090256C0-4D82-4AC0-8CD4-A7D028485F6A}.Debug|x64.ActiveCfg = Debug|x64
		{090256C0-4D82-4AC0-8CD4-A7D028485F6A}.Debug|x64.Build.0 = Debug|x64
		{090256C0-4D82-4AC0-8CD4-A7D028485F6A}.Debug|x86.ActiveCfg = Debug|x86
		{090256C0-4D82-4AC0-8CD4-A7D028485F6A}.Debug|x86.Build.0 = Debug|x86
		{090256C0-4D82-4AC0-8CD4-A7D028485F6A}.Debug64|Any CPU.ActiveCfg = Debug|Any CPU
		{090256C0-4D82-4AC0-8CD4-A7D028485F6A}.Debug64|Any CPU.Build.0 = Debug|Any CPU
		{090256C0-4D82-4AC0-8CD4-A7D028485F6A}.Debug64|x64.ActiveCfg = Debug|Any CPU
		{090256C0-4D82-4AC0-8CD4-A7D028485F6A}.Debug64|x86.ActiveCfg = Debug|Any CPU
		{090256C0-4D82-4AC0-8CD4-A7D028485F6A}.Release|Any CPU.ActiveCfg = Release|Any CPU
		{090256C0-4D82-4AC0-8CD4-A7D028485F6A}.Release|Any CPU.Build.0 = Release|Any CPU
		{090256C0-4D82-4AC0-8CD4-A7D028485F6A}.Release|x64.ActiveCfg = Release|x64
		{090256C0-4D82-4AC0-8CD4-A7D028485F6A}.Release|x64.Build.0 = Release|x64
		{090256C0-4D82-4AC0-8CD4-A7D028485F6A}.Release|x86.ActiveCfg = Release|x86
		{090256C0-4D82-4AC0-8CD4-A7D028485F6A}.Release|x86.Build.0 = Release|x86
		{9EEE8B81-1F88-4DE3-BDD4-497C70B97D48}.Debug|Any CPU.ActiveCfg = Debug|Any CPU
		{9EEE8B81-1F88-4DE3-BDD4-497C70B97D48}.Debug|Any CPU.Build.0 = Debug|Any CPU
		{9EEE8B81-1F88-4DE3-BDD4-497C70B97D48}.Debug|x64.ActiveCfg = Debug|x64
		{9EEE8B81-1F88-4DE3-BDD4-497C70B97D48}.Debug|x64.Build.0 = Debug|x64
		{9EEE8B81-1F88-4DE3-BDD4-497C70B97D48}.Debug|x86.ActiveCfg = Debug|x86
		{9EEE8B81-1F88-4DE3-BDD4-497C70B97D48}.Debug|x86.Build.0 = Debug|x86
		{9EEE8B81-1F88-4DE3-BDD4-497C70B97D48}.Debug64|Any CPU.ActiveCfg = Debug|Any CPU
		{9EEE8B81-1F88-4DE3-BDD4-497C70B97D48}.Debug64|Any CPU.Build.0 = Debug|Any CPU
		{9EEE8B81-1F88-4DE3-BDD4-497C70B97D48}.Debug64|x64.ActiveCfg = Debug|Any CPU
		{9EEE8B81-1F88-4DE3-BDD4-497C70B97D48}.Debug64|x86.ActiveCfg = Debug|Any CPU
		{9EEE8B81-1F88-4DE3-BDD4-497C70B97D48}.Release|Any CPU.ActiveCfg = Release|Any CPU
		{9EEE8B81-1F88-4DE3-BDD4-497C70B97D48}.Release|Any CPU.Build.0 = Release|Any CPU
		{9EEE8B81-1F88-4DE3-BDD4-497C70B97D48}.Release|x64.ActiveCfg = Release|x64
		{9EEE8B81-1F88-4DE3-BDD4-497C70B97D48}.Release|x64.Build.0 = Release|x64
		{9EEE8B81-1F88-4DE3-BDD4-497C70B97D48}.Release|x86.ActiveCfg = Release|x86
		{9EEE8B81-1F88-4DE3-BDD4-497C70B97D48}.Release|x86.Build.0 = Release|x86
		{6C939369-9688-4026-BE06-15C67875DA82}.Debug|Any CPU.ActiveCfg = Debug|Any CPU
		{6C939369-9688-4026-BE06-15C67875DA82}.Debug|Any CPU.Build.0 = Debug|Any CPU
		{6C939369-9688-4026-BE06-15C67875DA82}.Debug|x64.ActiveCfg = Debug|x64
		{6C939369-9688-4026-BE06-15C67875DA82}.Debug|x64.Build.0 = Debug|x64
		{6C939369-9688-4026-BE06-15C67875DA82}.Debug|x86.ActiveCfg = Debug|x86
		{6C939369-9688-4026-BE06-15C67875DA82}.Debug|x86.Build.0 = Debug|x86
		{6C939369-9688-4026-BE06-15C67875DA82}.Debug64|Any CPU.ActiveCfg = Debug|Any CPU
		{6C939369-9688-4026-BE06-15C67875DA82}.Debug64|Any CPU.Build.0 = Debug|Any CPU
		{6C939369-9688-4026-BE06-15C67875DA82}.Debug64|x64.ActiveCfg = Debug|Any CPU
		{6C939369-9688-4026-BE06-15C67875DA82}.Debug64|x86.ActiveCfg = Debug|Any CPU
		{6C939369-9688-4026-BE06-15C67875DA82}.Release|Any CPU.ActiveCfg = Release|Any CPU
		{6C939369-9688-4026-BE06-15C67875DA82}.Release|Any CPU.Build.0 = Release|Any CPU
		{6C939369-9688-4026-BE06-15C67875DA82}.Release|x64.ActiveCfg = Release|x64
		{6C939369-9688-4026-BE06-15C67875DA82}.Release|x64.Build.0 = Release|x64
		{6C939369-9688-4026-BE06-15C67875DA82}.Release|x86.ActiveCfg = Release|x86
		{6C939369-9688-4026-BE06-15C67875DA82}.Release|x86.Build.0 = Release|x86
		{BFCF9D73-9D30-4C7A-9537-4C49AE0241D8}.Debug|Any CPU.ActiveCfg = Debug|Any CPU
		{BFCF9D73-9D30-4C7A-9537-4C49AE0241D8}.Debug|Any CPU.Build.0 = Debug|Any CPU
		{BFCF9D73-9D30-4C7A-9537-4C49AE0241D8}.Debug|x64.ActiveCfg = Debug|x64
		{BFCF9D73-9D30-4C7A-9537-4C49AE0241D8}.Debug|x64.Build.0 = Debug|x64
		{BFCF9D73-9D30-4C7A-9537-4C49AE0241D8}.Debug|x86.ActiveCfg = Debug|x86
		{BFCF9D73-9D30-4C7A-9537-4C49AE0241D8}.Debug|x86.Build.0 = Debug|x86
		{BFCF9D73-9D30-4C7A-9537-4C49AE0241D8}.Debug64|Any CPU.ActiveCfg = Debug|Any CPU
		{BFCF9D73-9D30-4C7A-9537-4C49AE0241D8}.Debug64|Any CPU.Build.0 = Debug|Any CPU
		{BFCF9D73-9D30-4C7A-9537-4C49AE0241D8}.Debug64|x64.ActiveCfg = Debug|Any CPU
		{BFCF9D73-9D30-4C7A-9537-4C49AE0241D8}.Debug64|x86.ActiveCfg = Debug|Any CPU
		{BFCF9D73-9D30-4C7A-9537-4C49AE0241D8}.Release|Any CPU.ActiveCfg = Release|Any CPU
		{BFCF9D73-9D30-4C7A-9537-4C49AE0241D8}.Release|Any CPU.Build.0 = Release|Any CPU
		{BFCF9D73-9D30-4C7A-9537-4C49AE0241D8}.Release|x64.ActiveCfg = Release|x64
		{BFCF9D73-9D30-4C7A-9537-4C49AE0241D8}.Release|x64.Build.0 = Release|x64
		{BFCF9D73-9D30-4C7A-9537-4C49AE0241D8}.Release|x86.ActiveCfg = Release|x86
		{BFCF9D73-9D30-4C7A-9537-4C49AE0241D8}.Release|x86.Build.0 = Release|x86
		{9B8BB409-9573-4F9B-B5BE-3104DED46C82}.Debug|Any CPU.ActiveCfg = Debug|Any CPU
		{9B8BB409-9573-4F9B-B5BE-3104DED46C82}.Debug|Any CPU.Build.0 = Debug|Any CPU
		{9B8BB409-9573-4F9B-B5BE-3104DED46C82}.Debug|x64.ActiveCfg = Debug|x64
		{9B8BB409-9573-4F9B-B5BE-3104DED46C82}.Debug|x64.Build.0 = Debug|x64
		{9B8BB409-9573-4F9B-B5BE-3104DED46C82}.Debug|x86.ActiveCfg = Debug|x86
		{9B8BB409-9573-4F9B-B5BE-3104DED46C82}.Debug|x86.Build.0 = Debug|x86
		{9B8BB409-9573-4F9B-B5BE-3104DED46C82}.Debug64|Any CPU.ActiveCfg = Debug|Any CPU
		{9B8BB409-9573-4F9B-B5BE-3104DED46C82}.Debug64|Any CPU.Build.0 = Debug|Any CPU
		{9B8BB409-9573-4F9B-B5BE-3104DED46C82}.Debug64|x64.ActiveCfg = Debug|Any CPU
		{9B8BB409-9573-4F9B-B5BE-3104DED46C82}.Debug64|x86.ActiveCfg = Debug|Any CPU
		{9B8BB409-9573-4F9B-B5BE-3104DED46C82}.Release|Any CPU.ActiveCfg = Release|Any CPU
		{9B8BB409-9573-4F9B-B5BE-3104DED46C82}.Release|Any CPU.Build.0 = Release|Any CPU
		{9B8BB409-9573-4F9B-B5BE-3104DED46C82}.Release|x64.ActiveCfg = Release|x64
		{9B8BB409-9573-4F9B-B5BE-3104DED46C82}.Release|x64.Build.0 = Release|x64
		{9B8BB409-9573-4F9B-B5BE-3104DED46C82}.Release|x86.ActiveCfg = Release|x86
		{9B8BB409-9573-4F9B-B5BE-3104DED46C82}.Release|x86.Build.0 = Release|x86
		{2A91666C-70B1-4C20-853A-7256FCB43406}.Debug|Any CPU.ActiveCfg = Debug|Any CPU
		{2A91666C-70B1-4C20-853A-7256FCB43406}.Debug|Any CPU.Build.0 = Debug|Any CPU
		{2A91666C-70B1-4C20-853A-7256FCB43406}.Debug|x64.ActiveCfg = Debug|x64
		{2A91666C-70B1-4C20-853A-7256FCB43406}.Debug|x64.Build.0 = Debug|x64
		{2A91666C-70B1-4C20-853A-7256FCB43406}.Debug|x86.ActiveCfg = Debug|x86
		{2A91666C-70B1-4C20-853A-7256FCB43406}.Debug|x86.Build.0 = Debug|x86
		{2A91666C-70B1-4C20-853A-7256FCB43406}.Debug64|Any CPU.ActiveCfg = Debug64|Any CPU
		{2A91666C-70B1-4C20-853A-7256FCB43406}.Debug64|Any CPU.Build.0 = Debug64|Any CPU
		{2A91666C-70B1-4C20-853A-7256FCB43406}.Debug64|x64.ActiveCfg = Debug64|x64
		{2A91666C-70B1-4C20-853A-7256FCB43406}.Debug64|x64.Build.0 = Debug64|x64
		{2A91666C-70B1-4C20-853A-7256FCB43406}.Debug64|x86.ActiveCfg = Debug64|x86
		{2A91666C-70B1-4C20-853A-7256FCB43406}.Debug64|x86.Build.0 = Debug64|x86
		{2A91666C-70B1-4C20-853A-7256FCB43406}.Release|Any CPU.ActiveCfg = Release|Any CPU
		{2A91666C-70B1-4C20-853A-7256FCB43406}.Release|Any CPU.Build.0 = Release|Any CPU
		{2A91666C-70B1-4C20-853A-7256FCB43406}.Release|x64.ActiveCfg = Release|x64
		{2A91666C-70B1-4C20-853A-7256FCB43406}.Release|x64.Build.0 = Release|x64
		{2A91666C-70B1-4C20-853A-7256FCB43406}.Release|x86.ActiveCfg = Release|x86
		{2A91666C-70B1-4C20-853A-7256FCB43406}.Release|x86.Build.0 = Release|x86
		{2BC44A76-84FC-4678-B5CA-CA55702324CC}.Debug|Any CPU.ActiveCfg = Debug|Any CPU
		{2BC44A76-84FC-4678-B5CA-CA55702324CC}.Debug|Any CPU.Build.0 = Debug|Any CPU
		{2BC44A76-84FC-4678-B5CA-CA55702324CC}.Debug|x64.ActiveCfg = Debug|x64
		{2BC44A76-84FC-4678-B5CA-CA55702324CC}.Debug|x64.Build.0 = Debug|x64
		{2BC44A76-84FC-4678-B5CA-CA55702324CC}.Debug|x86.ActiveCfg = Debug|x86
		{2BC44A76-84FC-4678-B5CA-CA55702324CC}.Debug|x86.Build.0 = Debug|x86
		{2BC44A76-84FC-4678-B5CA-CA55702324CC}.Debug64|Any CPU.ActiveCfg = Debug|Any CPU
		{2BC44A76-84FC-4678-B5CA-CA55702324CC}.Debug64|Any CPU.Build.0 = Debug|Any CPU
		{2BC44A76-84FC-4678-B5CA-CA55702324CC}.Debug64|x64.ActiveCfg = Debug|Any CPU
		{2BC44A76-84FC-4678-B5CA-CA55702324CC}.Debug64|x86.ActiveCfg = Debug|Any CPU
		{2BC44A76-84FC-4678-B5CA-CA55702324CC}.Release|Any CPU.ActiveCfg = Release|Any CPU
		{2BC44A76-84FC-4678-B5CA-CA55702324CC}.Release|Any CPU.Build.0 = Release|Any CPU
		{2BC44A76-84FC-4678-B5CA-CA55702324CC}.Release|x64.ActiveCfg = Release|x64
		{2BC44A76-84FC-4678-B5CA-CA55702324CC}.Release|x64.Build.0 = Release|x64
		{2BC44A76-84FC-4678-B5CA-CA55702324CC}.Release|x86.ActiveCfg = Release|x86
		{2BC44A76-84FC-4678-B5CA-CA55702324CC}.Release|x86.Build.0 = Release|x86
		{9DC1892A-7360-449A-9C43-BA554E1073B3}.Debug|Any CPU.ActiveCfg = Debug|Any CPU
		{9DC1892A-7360-449A-9C43-BA554E1073B3}.Debug|Any CPU.Build.0 = Debug|Any CPU
		{9DC1892A-7360-449A-9C43-BA554E1073B3}.Debug|x64.ActiveCfg = Debug|x64
		{9DC1892A-7360-449A-9C43-BA554E1073B3}.Debug|x64.Build.0 = Debug|x64
		{9DC1892A-7360-449A-9C43-BA554E1073B3}.Debug|x86.ActiveCfg = Debug|x86
		{9DC1892A-7360-449A-9C43-BA554E1073B3}.Debug|x86.Build.0 = Debug|x86
		{9DC1892A-7360-449A-9C43-BA554E1073B3}.Debug64|Any CPU.ActiveCfg = Debug|Any CPU
		{9DC1892A-7360-449A-9C43-BA554E1073B3}.Debug64|Any CPU.Build.0 = Debug|Any CPU
		{9DC1892A-7360-449A-9C43-BA554E1073B3}.Debug64|x64.ActiveCfg = Debug|Any CPU
		{9DC1892A-7360-449A-9C43-BA554E1073B3}.Debug64|x86.ActiveCfg = Debug|Any CPU
		{9DC1892A-7360-449A-9C43-BA554E1073B3}.Release|Any CPU.ActiveCfg = Release|Any CPU
		{9DC1892A-7360-449A-9C43-BA554E1073B3}.Release|Any CPU.Build.0 = Release|Any CPU
		{9DC1892A-7360-449A-9C43-BA554E1073B3}.Release|x64.ActiveCfg = Release|x64
		{9DC1892A-7360-449A-9C43-BA554E1073B3}.Release|x64.Build.0 = Release|x64
		{9DC1892A-7360-449A-9C43-BA554E1073B3}.Release|x86.ActiveCfg = Release|x86
		{9DC1892A-7360-449A-9C43-BA554E1073B3}.Release|x86.Build.0 = Release|x86
		{CBB60BD6-1E23-45C5-B419-B7DC3B24E7C2}.Debug|Any CPU.ActiveCfg = Debug|Any CPU
		{CBB60BD6-1E23-45C5-B419-B7DC3B24E7C2}.Debug|Any CPU.Build.0 = Debug|Any CPU
		{CBB60BD6-1E23-45C5-B419-B7DC3B24E7C2}.Debug|x64.ActiveCfg = Debug|x64
		{CBB60BD6-1E23-45C5-B419-B7DC3B24E7C2}.Debug|x64.Build.0 = Debug|x64
		{CBB60BD6-1E23-45C5-B419-B7DC3B24E7C2}.Debug|x86.ActiveCfg = Debug|x86
		{CBB60BD6-1E23-45C5-B419-B7DC3B24E7C2}.Debug|x86.Build.0 = Debug|x86
		{CBB60BD6-1E23-45C5-B419-B7DC3B24E7C2}.Debug64|Any CPU.ActiveCfg = Debug|Any CPU
		{CBB60BD6-1E23-45C5-B419-B7DC3B24E7C2}.Debug64|Any CPU.Build.0 = Debug|Any CPU
		{CBB60BD6-1E23-45C5-B419-B7DC3B24E7C2}.Debug64|x64.ActiveCfg = Debug|Any CPU
		{CBB60BD6-1E23-45C5-B419-B7DC3B24E7C2}.Debug64|x86.ActiveCfg = Debug|Any CPU
		{CBB60BD6-1E23-45C5-B419-B7DC3B24E7C2}.Release|Any CPU.ActiveCfg = Release|Any CPU
		{CBB60BD6-1E23-45C5-B419-B7DC3B24E7C2}.Release|Any CPU.Build.0 = Release|Any CPU
		{CBB60BD6-1E23-45C5-B419-B7DC3B24E7C2}.Release|x64.ActiveCfg = Release|x64
		{CBB60BD6-1E23-45C5-B419-B7DC3B24E7C2}.Release|x64.Build.0 = Release|x64
		{CBB60BD6-1E23-45C5-B419-B7DC3B24E7C2}.Release|x86.ActiveCfg = Release|x86
		{CBB60BD6-1E23-45C5-B419-B7DC3B24E7C2}.Release|x86.Build.0 = Release|x86
		{E3F92B5F-7E90-42E2-996A-FA5C1692EFEE}.Debug|Any CPU.ActiveCfg = Debug|Any CPU
		{E3F92B5F-7E90-42E2-996A-FA5C1692EFEE}.Debug|Any CPU.Build.0 = Debug|Any CPU
		{E3F92B5F-7E90-42E2-996A-FA5C1692EFEE}.Debug|x64.ActiveCfg = Debug|x64
		{E3F92B5F-7E90-42E2-996A-FA5C1692EFEE}.Debug|x64.Build.0 = Debug|x64
		{E3F92B5F-7E90-42E2-996A-FA5C1692EFEE}.Debug|x86.ActiveCfg = Debug|x86
		{E3F92B5F-7E90-42E2-996A-FA5C1692EFEE}.Debug|x86.Build.0 = Debug|x86
		{E3F92B5F-7E90-42E2-996A-FA5C1692EFEE}.Debug64|Any CPU.ActiveCfg = Debug|Any CPU
		{E3F92B5F-7E90-42E2-996A-FA5C1692EFEE}.Debug64|Any CPU.Build.0 = Debug|Any CPU
		{E3F92B5F-7E90-42E2-996A-FA5C1692EFEE}.Debug64|x64.ActiveCfg = Debug|Any CPU
		{E3F92B5F-7E90-42E2-996A-FA5C1692EFEE}.Debug64|x86.ActiveCfg = Debug|Any CPU
		{E3F92B5F-7E90-42E2-996A-FA5C1692EFEE}.Release|Any CPU.ActiveCfg = Release|Any CPU
		{E3F92B5F-7E90-42E2-996A-FA5C1692EFEE}.Release|Any CPU.Build.0 = Release|Any CPU
		{E3F92B5F-7E90-42E2-996A-FA5C1692EFEE}.Release|x64.ActiveCfg = Release|x64
		{E3F92B5F-7E90-42E2-996A-FA5C1692EFEE}.Release|x64.Build.0 = Release|x64
		{E3F92B5F-7E90-42E2-996A-FA5C1692EFEE}.Release|x86.ActiveCfg = Release|x86
		{E3F92B5F-7E90-42E2-996A-FA5C1692EFEE}.Release|x86.Build.0 = Release|x86
		{439DFC84-9231-413C-9F62-18BE47059A0B}.Debug|Any CPU.ActiveCfg = Debug|Any CPU
		{439DFC84-9231-413C-9F62-18BE47059A0B}.Debug|Any CPU.Build.0 = Debug|Any CPU
		{439DFC84-9231-413C-9F62-18BE47059A0B}.Debug|x64.ActiveCfg = Debug|x64
		{439DFC84-9231-413C-9F62-18BE47059A0B}.Debug|x64.Build.0 = Debug|x64
		{439DFC84-9231-413C-9F62-18BE47059A0B}.Debug|x86.ActiveCfg = Debug|x86
		{439DFC84-9231-413C-9F62-18BE47059A0B}.Debug|x86.Build.0 = Debug|x86
		{439DFC84-9231-413C-9F62-18BE47059A0B}.Debug64|Any CPU.ActiveCfg = Debug|Any CPU
		{439DFC84-9231-413C-9F62-18BE47059A0B}.Debug64|Any CPU.Build.0 = Debug|Any CPU
		{439DFC84-9231-413C-9F62-18BE47059A0B}.Debug64|x64.ActiveCfg = Debug|Any CPU
		{439DFC84-9231-413C-9F62-18BE47059A0B}.Debug64|x86.ActiveCfg = Debug|Any CPU
		{439DFC84-9231-413C-9F62-18BE47059A0B}.Release|Any CPU.ActiveCfg = Release|Any CPU
		{439DFC84-9231-413C-9F62-18BE47059A0B}.Release|Any CPU.Build.0 = Release|Any CPU
		{439DFC84-9231-413C-9F62-18BE47059A0B}.Release|x64.ActiveCfg = Release|x64
		{439DFC84-9231-413C-9F62-18BE47059A0B}.Release|x64.Build.0 = Release|x64
		{439DFC84-9231-413C-9F62-18BE47059A0B}.Release|x86.ActiveCfg = Release|x86
		{439DFC84-9231-413C-9F62-18BE47059A0B}.Release|x86.Build.0 = Release|x86
		{BF270DDA-7A47-404D-9D44-DFB546054BB3}.Debug|Any CPU.ActiveCfg = Debug|Any CPU
		{BF270DDA-7A47-404D-9D44-DFB546054BB3}.Debug|Any CPU.Build.0 = Debug|Any CPU
		{BF270DDA-7A47-404D-9D44-DFB546054BB3}.Debug|x64.ActiveCfg = Debug|x64
		{BF270DDA-7A47-404D-9D44-DFB546054BB3}.Debug|x64.Build.0 = Debug|x64
		{BF270DDA-7A47-404D-9D44-DFB546054BB3}.Debug|x86.ActiveCfg = Debug|x86
		{BF270DDA-7A47-404D-9D44-DFB546054BB3}.Debug|x86.Build.0 = Debug|x86
		{BF270DDA-7A47-404D-9D44-DFB546054BB3}.Debug64|Any CPU.ActiveCfg = Debug|Any CPU
		{BF270DDA-7A47-404D-9D44-DFB546054BB3}.Debug64|Any CPU.Build.0 = Debug|Any CPU
		{BF270DDA-7A47-404D-9D44-DFB546054BB3}.Debug64|x64.ActiveCfg = Debug|Any CPU
		{BF270DDA-7A47-404D-9D44-DFB546054BB3}.Debug64|x86.ActiveCfg = Debug|Any CPU
		{BF270DDA-7A47-404D-9D44-DFB546054BB3}.Release|Any CPU.ActiveCfg = Release|Any CPU
		{BF270DDA-7A47-404D-9D44-DFB546054BB3}.Release|Any CPU.Build.0 = Release|Any CPU
		{BF270DDA-7A47-404D-9D44-DFB546054BB3}.Release|x64.ActiveCfg = Release|x64
		{BF270DDA-7A47-404D-9D44-DFB546054BB3}.Release|x64.Build.0 = Release|x64
		{BF270DDA-7A47-404D-9D44-DFB546054BB3}.Release|x86.ActiveCfg = Release|x86
		{BF270DDA-7A47-404D-9D44-DFB546054BB3}.Release|x86.Build.0 = Release|x86
		{41DC5D7E-E071-47BA-8094-D1DDBE0FAE05}.Debug|Any CPU.ActiveCfg = Debug|Any CPU
		{41DC5D7E-E071-47BA-8094-D1DDBE0FAE05}.Debug|Any CPU.Build.0 = Debug|Any CPU
		{41DC5D7E-E071-47BA-8094-D1DDBE0FAE05}.Debug|x64.ActiveCfg = Debug|x64
		{41DC5D7E-E071-47BA-8094-D1DDBE0FAE05}.Debug|x64.Build.0 = Debug|x64
		{41DC5D7E-E071-47BA-8094-D1DDBE0FAE05}.Debug|x86.ActiveCfg = Debug|x86
		{41DC5D7E-E071-47BA-8094-D1DDBE0FAE05}.Debug|x86.Build.0 = Debug|x86
		{41DC5D7E-E071-47BA-8094-D1DDBE0FAE05}.Debug64|Any CPU.ActiveCfg = Debug|Any CPU
		{41DC5D7E-E071-47BA-8094-D1DDBE0FAE05}.Debug64|Any CPU.Build.0 = Debug|Any CPU
		{41DC5D7E-E071-47BA-8094-D1DDBE0FAE05}.Debug64|x64.ActiveCfg = Debug|Any CPU
		{41DC5D7E-E071-47BA-8094-D1DDBE0FAE05}.Debug64|x86.ActiveCfg = Debug|Any CPU
		{41DC5D7E-E071-47BA-8094-D1DDBE0FAE05}.Release|Any CPU.ActiveCfg = Release|Any CPU
		{41DC5D7E-E071-47BA-8094-D1DDBE0FAE05}.Release|Any CPU.Build.0 = Release|Any CPU
		{41DC5D7E-E071-47BA-8094-D1DDBE0FAE05}.Release|x64.ActiveCfg = Release|x64
		{41DC5D7E-E071-47BA-8094-D1DDBE0FAE05}.Release|x64.Build.0 = Release|x64
		{41DC5D7E-E071-47BA-8094-D1DDBE0FAE05}.Release|x86.ActiveCfg = Release|x86
		{41DC5D7E-E071-47BA-8094-D1DDBE0FAE05}.Release|x86.Build.0 = Release|x86
		{D6EA34E7-C7D0-4433-89FE-79432BAE0096}.Debug|Any CPU.ActiveCfg = Debug|Any CPU
		{D6EA34E7-C7D0-4433-89FE-79432BAE0096}.Debug|Any CPU.Build.0 = Debug|Any CPU
		{D6EA34E7-C7D0-4433-89FE-79432BAE0096}.Debug|x64.ActiveCfg = Debug|x64
		{D6EA34E7-C7D0-4433-89FE-79432BAE0096}.Debug|x64.Build.0 = Debug|x64
		{D6EA34E7-C7D0-4433-89FE-79432BAE0096}.Debug|x86.ActiveCfg = Debug|x86
		{D6EA34E7-C7D0-4433-89FE-79432BAE0096}.Debug|x86.Build.0 = Debug|x86
		{D6EA34E7-C7D0-4433-89FE-79432BAE0096}.Debug64|Any CPU.ActiveCfg = Debug|x64
		{D6EA34E7-C7D0-4433-89FE-79432BAE0096}.Debug64|x64.ActiveCfg = Debug|x64
		{D6EA34E7-C7D0-4433-89FE-79432BAE0096}.Debug64|x64.Build.0 = Debug|x64
		{D6EA34E7-C7D0-4433-89FE-79432BAE0096}.Debug64|x86.ActiveCfg = Debug|x64
		{D6EA34E7-C7D0-4433-89FE-79432BAE0096}.Release|Any CPU.ActiveCfg = Release|Any CPU
		{D6EA34E7-C7D0-4433-89FE-79432BAE0096}.Release|Any CPU.Build.0 = Release|Any CPU
		{D6EA34E7-C7D0-4433-89FE-79432BAE0096}.Release|x64.ActiveCfg = Release|x64
		{D6EA34E7-C7D0-4433-89FE-79432BAE0096}.Release|x64.Build.0 = Release|x64
		{D6EA34E7-C7D0-4433-89FE-79432BAE0096}.Release|x86.ActiveCfg = Release|x86
		{D6EA34E7-C7D0-4433-89FE-79432BAE0096}.Release|x86.Build.0 = Release|x86
		{07FF5989-D579-4CC5-B519-FFA758D8D927}.Debug|Any CPU.ActiveCfg = Debug|Any CPU
		{07FF5989-D579-4CC5-B519-FFA758D8D927}.Debug|Any CPU.Build.0 = Debug|Any CPU
		{07FF5989-D579-4CC5-B519-FFA758D8D927}.Debug|x64.ActiveCfg = Debug|x86
		{07FF5989-D579-4CC5-B519-FFA758D8D927}.Debug|x86.ActiveCfg = Debug|x86
		{07FF5989-D579-4CC5-B519-FFA758D8D927}.Debug|x86.Build.0 = Debug|x86
		{07FF5989-D579-4CC5-B519-FFA758D8D927}.Debug64|Any CPU.ActiveCfg = Debug|Any CPU
		{07FF5989-D579-4CC5-B519-FFA758D8D927}.Debug64|Any CPU.Build.0 = Debug|Any CPU
		{07FF5989-D579-4CC5-B519-FFA758D8D927}.Debug64|x64.ActiveCfg = Debug|Any CPU
		{07FF5989-D579-4CC5-B519-FFA758D8D927}.Debug64|x86.ActiveCfg = Debug|Any CPU
		{07FF5989-D579-4CC5-B519-FFA758D8D927}.Release|Any CPU.ActiveCfg = Release|Any CPU
		{07FF5989-D579-4CC5-B519-FFA758D8D927}.Release|Any CPU.Build.0 = Release|Any CPU
		{07FF5989-D579-4CC5-B519-FFA758D8D927}.Release|x64.ActiveCfg = Release|x86
		{07FF5989-D579-4CC5-B519-FFA758D8D927}.Release|x86.ActiveCfg = Release|x86
		{07FF5989-D579-4CC5-B519-FFA758D8D927}.Release|x86.Build.0 = Release|x86
	EndGlobalSection
	GlobalSection(SolutionProperties) = preSolution
		HideSolutionNode = FALSE
	EndGlobalSection
	GlobalSection(NestedProjects) = preSolution
		{439DFC84-9231-413C-9F62-18BE47059A0B} = {AB9AE738-0EE3-464F-AD79-9A6D1F06C450}
		{D6EA34E7-C7D0-4433-89FE-79432BAE0096} = {AB9AE738-0EE3-464F-AD79-9A6D1F06C450}
		{090256C0-4D82-4AC0-8CD4-A7D028485F6A} = {AB9AE738-0EE3-464F-AD79-9A6D1F06C450}
		{9EEE8B81-1F88-4DE3-BDD4-497C70B97D48} = {65FB0B66-7DCB-459A-B45D-1194D0F4915A}
		{BFCF9D73-9D30-4C7A-9537-4C49AE0241D8} = {E0D8B740-0AA5-4B55-B8F8-2A2FD4B60A98}
		{9B8BB409-9573-4F9B-B5BE-3104DED46C82} = {E0D8B740-0AA5-4B55-B8F8-2A2FD4B60A98}
		{2A91666C-70B1-4C20-853A-7256FCB43406} = {E0D8B740-0AA5-4B55-B8F8-2A2FD4B60A98}
		{CBB60BD6-1E23-45C5-B419-B7DC3B24E7C2} = {E0D8B740-0AA5-4B55-B8F8-2A2FD4B60A98}
		{BF270DDA-7A47-404D-9D44-DFB546054BB3} = {E0D8B740-0AA5-4B55-B8F8-2A2FD4B60A98}
		{41DC5D7E-E071-47BA-8094-D1DDBE0FAE05} = {E0D8B740-0AA5-4B55-B8F8-2A2FD4B60A98}
		{6C939369-9688-4026-BE06-15C67875DA82} = {E0D8B740-0AA5-4B55-B8F8-2A2FD4B60A98}
		{07FF5989-D579-4CC5-B519-FFA758D8D927} = {E0D8B740-0AA5-4B55-B8F8-2A2FD4B60A98}
		{9DC1892A-7360-449A-9C43-BA554E1073B3} = {3F770006-CCE0-4CAF-B096-5E4B8BCE25E0}
		{E3F92B5F-7E90-42E2-996A-FA5C1692EFEE} = {3F770006-CCE0-4CAF-B096-5E4B8BCE25E0}
		{2BC44A76-84FC-4678-B5CA-CA55702324CC} = {3F770006-CCE0-4CAF-B096-5E4B8BCE25E0}
	EndGlobalSection
EndGlobal
